
Microsoft Visual Studio Solution File, Format Version 11.00
# Visual Studio 2010
Project("{FAE04EC0-301F-11D3-BF4B-00C04F79EFBC}") = "WPCommon", "..\WPCommon\WPCommon.csproj", "{22700591-5E34-4D4D-A01F-6B8C2153B270}"
EndProject
Project("{FAE04EC0-301F-11D3-BF4B-00C04F79EFBC}") = "SgarbiMix", "SgarbiMix.csproj", "{35FEF77F-76EA-4EDA-8751-54F7F381676B}"
EndProject
Project("{FAE04EC0-301F-11D3-BF4B-00C04F79EFBC}") = "WPCommon.Controls", "..\WPCommon.Controls\WPCommon.Controls.csproj", "{B3F46867-22D6-4BE3-81FC-2D6F47E96310}"
EndProject
Project("{FAE04EC0-301F-11D3-BF4B-00C04F79EFBC}") = "WPCommon.Helpers", "..\WPCommon.Helpers\WPCommon.Helpers.csproj", "{7CF377DB-129E-4C84-A23D-5758F01DC6F1}"
EndProject
Global
	GlobalSection(TeamFoundationVersionControl) = preSolution
		SccNumberOfProjects = 5
		SccEnterpriseProvider = {4CA58AB2-18FA-4F8D-95D4-32DDF27D184C}
		SccTeamFoundationServer = https://tfs.codeplex.com/tfs/tfs10
		SccLocalPath0 = SgarbiMix
		SccProjectFilePathRelativizedFromConnection0 = ..\\
		SccProjectUniqueName1 = ..\\WPCommon\\WPCommon.csproj
		SccProjectName1 = ../WPCommon
		SccLocalPath1 = ..\\WPCommon
		SccProjectUniqueName2 = SgarbiMix.csproj
		SccProjectName2 = .
		SccLocalPath2 = .
		SccProjectUniqueName3 = ..\\WPCommon.Controls\\WPCommon.Controls.csproj
		SccProjectName3 = ../WPCommon.Controls
		SccLocalPath3 = ..\\WPCommon.Controls
		SccProjectUniqueName4 = ..\\WPCommon.Helpers\\WPCommon.Helpers.csproj
		SccProjectName4 = ../WPCommon.Helpers
		SccLocalPath4 = ..\\WPCommon.Helpers
	EndGlobalSection
	GlobalSection(SolutionConfigurationPlatforms) = preSolution
		Debug|Any CPU = Debug|Any CPU
		Release|Any CPU = Release|Any CPU
	EndGlobalSection
	GlobalSection(ProjectConfigurationPlatforms) = postSolution
		{22700591-5E34-4D4D-A01F-6B8C2153B270}.Debug|Any CPU.ActiveCfg = Debug|Any CPU
		{22700591-5E34-4D4D-A01F-6B8C2153B270}.Debug|Any CPU.Build.0 = Debug|Any CPU
		{22700591-5E34-4D4D-A01F-6B8C2153B270}.Release|Any CPU.ActiveCfg = Release|Any CPU
		{22700591-5E34-4D4D-A01F-6B8C2153B270}.Release|Any CPU.Build.0 = Release|Any CPU
		{35FEF77F-76EA-4EDA-8751-54F7F381676B}.Debug|Any CPU.ActiveCfg = Debug|Any CPU
		{35FEF77F-76EA-4EDA-8751-54F7F381676B}.Debug|Any CPU.Build.0 = Debug|Any CPU
		{35FEF77F-76EA-4EDA-8751-54F7F381676B}.Debug|Any CPU.Deploy.0 = Debug|Any CPU
		{35FEF77F-76EA-4EDA-8751-54F7F381676B}.Release|Any CPU.ActiveCfg = Release|Any CPU
		{35FEF77F-76EA-4EDA-8751-54F7F381676B}.Release|Any CPU.Build.0 = Release|Any CPU
		{35FEF77F-76EA-4EDA-8751-54F7F381676B}.Release|Any CPU.Deploy.0 = Release|Any CPU
		{B3F46867-22D6-4BE3-81FC-2D6F47E96310}.Debug|Any CPU.ActiveCfg = Debug|Any CPU
		{B3F46867-22D6-4BE3-81FC-2D6F47E96310}.Debug|Any CPU.Build.0 = Debug|Any CPU
		{B3F46867-22D6-4BE3-81FC-2D6F47E96310}.Release|Any CPU.ActiveCfg = Release|Any CPU
		{B3F46867-22D6-4BE3-81FC-2D6F47E96310}.Release|Any CPU.Build.0 = Release|Any CPU
		{7CF377DB-129E-4C84-A23D-5758F01DC6F1}.Debug|Any CPU.ActiveCfg = Debug|Any CPU
		{7CF377DB-129E-4C84-A23D-5758F01DC6F1}.Debug|Any CPU.Build.0 = Debug|Any CPU
		{7CF377DB-129E-4C84-A23D-5758F01DC6F1}.Release|Any CPU.ActiveCfg = Release|Any CPU
		{7CF377DB-129E-4C84-A23D-5758F01DC6F1}.Release|Any CPU.Build.0 = Release|Any CPU
	EndGlobalSection
	GlobalSection(SolutionProperties) = preSolution
		HideSolutionNode = FALSE
	EndGlobalSection
EndGlobal
