
Microsoft Visual Studio Solution File, Format Version 12.00
# Visual Studio 2012
Project("{FAE04EC0-301F-11D3-BF4B-00C04F79EFBC}") = "WPCommon.Controls", "..\WPCommon.Controls\WPCommon.Controls.csproj", "{B3F46867-22D6-4BE3-81FC-2D6F47E96310}"
EndProject
Project("{FAE04EC0-301F-11D3-BF4B-00C04F79EFBC}") = "WPCommon.Helpers", "..\WPCommon.Helpers\WPCommon.Helpers.csproj", "{7CF377DB-129E-4C84-A23D-5758F01DC6F1}"
EndProject
Project("{FAE04EC0-301F-11D3-BF4B-00C04F79EFBC}") = "WPCommon.Helpers.XNAAsyncDispatcher", "..\WPCommon.Helpers.XNAAsyncDispatcher\WPCommon.Helpers.XNAAsyncDispatcher.csproj", "{FEEF2229-DED5-4C31-829A-DDCB95A4AF33}"
EndProject
Project("{2150E333-8FDC-42A3-9474-1A3956D46DE8}") = ".nuget", ".nuget", "{0E0139A8-EF22-438E-BEF9-0448EE6FDE2E}"
	ProjectSection(SolutionItems) = preProject
		.nuget\NuGet.exe = .nuget\NuGet.exe
		.nuget\NuGet.targets = .nuget\NuGet.targets
	EndProjectSection
EndProject
Project("{FAE04EC0-301F-11D3-BF4B-00C04F79EFBC}") = "WPCommon.ShakeGestures", "..\WPCommon.ShakeGestures\WPCommon.ShakeGestures.csproj", "{F5CE25E6-CF76-43AE-BBB2-2C98B21BCCD8}"
EndProject
Project("{FAE04EC0-301F-11D3-BF4B-00C04F79EFBC}") = "WPCommon.Helpers.TrialManagement", "..\WPCommon.Helpers.TrialManagement\WPCommon.Helpers.TrialManagement.csproj", "{157C676B-46A4-4099-936E-BBDFB93BB735}"
EndProject
Project("{FAE04EC0-301F-11D3-BF4B-00C04F79EFBC}") = "SgarbiMix.WP7", "SgarbiMix.WP7\SgarbiMix.WP7.csproj", "{8BDEBE1A-9791-428D-8026-1172D876F79D}"
EndProject
Global
	GlobalSection(TeamFoundationVersionControl) = preSolution
		SccNumberOfProjects = 7
		SccEnterpriseProvider = {4CA58AB2-18FA-4F8D-95D4-32DDF27D184C}
		SccTeamFoundationServer = https://tfs.codeplex.com/tfs/tfs10
		SccLocalPath0 = .
		SccProjectUniqueName1 = ..\\WPCommon.Controls\\WPCommon.Controls.csproj
		SccProjectName1 = ../WPCommon.Controls
		SccLocalPath1 = ..\\WPCommon.Controls
		SccProjectUniqueName2 = ..\\WPCommon.Helpers\\WPCommon.Helpers.csproj
		SccProjectName2 = ../WPCommon.Helpers
		SccLocalPath2 = ..\\WPCommon.Helpers
		SccProjectUniqueName3 = ..\\WPCommon.Helpers.XNAAsyncDispatcher\\WPCommon.Helpers.XNAAsyncDispatcher.csproj
		SccProjectName3 = ../WPCommon.Helpers.XNAAsyncDispatcher
		SccLocalPath3 = ..\\WPCommon.Helpers.XNAAsyncDispatcher
		SccProjectUniqueName4 = ..\\WPCommon.ShakeGestures\\WPCommon.ShakeGestures.csproj
		SccProjectName4 = ../WPCommon.ShakeGestures
		SccLocalPath4 = ..\\WPCommon.ShakeGestures
		SccProjectUniqueName5 = ..\\WPCommon.Helpers.TrialManagement\\WPCommon.Helpers.TrialManagement.csproj
		SccProjectName5 = ../WPCommon.Helpers.TrialManagement
		SccLocalPath5 = ..\\WPCommon.Helpers.TrialManagement
		SccProjectUniqueName6 = SgarbiMix.WP7\\SgarbiMix.WP7.csproj
		SccProjectName6 = SgarbiMix.WP7
		SccLocalPath6 = SgarbiMix.WP7
	EndGlobalSection
	GlobalSection(SolutionConfigurationPlatforms) = preSolution
		Debug|Any CPU = Debug|Any CPU
		Release|Any CPU = Release|Any CPU
	EndGlobalSection
	GlobalSection(ProjectConfigurationPlatforms) = postSolution
		{B3F46867-22D6-4BE3-81FC-2D6F47E96310}.Debug|Any CPU.ActiveCfg = Debug|Any CPU
		{B3F46867-22D6-4BE3-81FC-2D6F47E96310}.Debug|Any CPU.Build.0 = Debug|Any CPU
		{B3F46867-22D6-4BE3-81FC-2D6F47E96310}.Release|Any CPU.ActiveCfg = Release|Any CPU
		{B3F46867-22D6-4BE3-81FC-2D6F47E96310}.Release|Any CPU.Build.0 = Release|Any CPU
		{7CF377DB-129E-4C84-A23D-5758F01DC6F1}.Debug|Any CPU.ActiveCfg = Debug|Any CPU
		{7CF377DB-129E-4C84-A23D-5758F01DC6F1}.Debug|Any CPU.Build.0 = Debug|Any CPU
		{7CF377DB-129E-4C84-A23D-5758F01DC6F1}.Release|Any CPU.ActiveCfg = Release|Any CPU
		{7CF377DB-129E-4C84-A23D-5758F01DC6F1}.Release|Any CPU.Build.0 = Release|Any CPU
		{FEEF2229-DED5-4C31-829A-DDCB95A4AF33}.Debug|Any CPU.ActiveCfg = Debug|Any CPU
		{FEEF2229-DED5-4C31-829A-DDCB95A4AF33}.Debug|Any CPU.Build.0 = Debug|Any CPU
		{FEEF2229-DED5-4C31-829A-DDCB95A4AF33}.Release|Any CPU.ActiveCfg = Release|Any CPU
		{FEEF2229-DED5-4C31-829A-DDCB95A4AF33}.Release|Any CPU.Build.0 = Release|Any CPU
		{F5CE25E6-CF76-43AE-BBB2-2C98B21BCCD8}.Debug|Any CPU.ActiveCfg = Debug|Any CPU
		{F5CE25E6-CF76-43AE-BBB2-2C98B21BCCD8}.Debug|Any CPU.Build.0 = Debug|Any CPU
		{F5CE25E6-CF76-43AE-BBB2-2C98B21BCCD8}.Release|Any CPU.ActiveCfg = Release|Any CPU
		{F5CE25E6-CF76-43AE-BBB2-2C98B21BCCD8}.Release|Any CPU.Build.0 = Release|Any CPU
		{157C676B-46A4-4099-936E-BBDFB93BB735}.Debug|Any CPU.ActiveCfg = Debug|Any CPU
		{157C676B-46A4-4099-936E-BBDFB93BB735}.Debug|Any CPU.Build.0 = Debug|Any CPU
		{157C676B-46A4-4099-936E-BBDFB93BB735}.Release|Any CPU.ActiveCfg = Release|Any CPU
		{157C676B-46A4-4099-936E-BBDFB93BB735}.Release|Any CPU.Build.0 = Release|Any CPU
		{8BDEBE1A-9791-428D-8026-1172D876F79D}.Debug|Any CPU.ActiveCfg = Debug|Any CPU
		{8BDEBE1A-9791-428D-8026-1172D876F79D}.Debug|Any CPU.Build.0 = Debug|Any CPU
		{8BDEBE1A-9791-428D-8026-1172D876F79D}.Debug|Any CPU.Deploy.0 = Debug|Any CPU
		{8BDEBE1A-9791-428D-8026-1172D876F79D}.Release|Any CPU.ActiveCfg = Release|Any CPU
		{8BDEBE1A-9791-428D-8026-1172D876F79D}.Release|Any CPU.Build.0 = Release|Any CPU
		{8BDEBE1A-9791-428D-8026-1172D876F79D}.Release|Any CPU.Deploy.0 = Release|Any CPU
	EndGlobalSection
	GlobalSection(SolutionProperties) = preSolution
		HideSolutionNode = FALSE
	EndGlobalSection
EndGlobal
