
Microsoft Visual Studio Solution File, Format Version 11.00
# Visual Studio 2010
Project("{FAE04EC0-301F-11D3-BF4B-00C04F79EFBC}") = "SheldonMix", "SheldonMix.csproj", "{20160319-A919-4E88-8238-92B1816BF68E}"
EndProject
Project("{FAE04EC0-301F-11D3-BF4B-00C04F79EFBC}") = "WPCommon.Helpers", "..\..\WPCommon.Helpers\WPCommon.Helpers.csproj", "{7CF377DB-129E-4C84-A23D-5758F01DC6F1}"
EndProject
Project("{FAE04EC0-301F-11D3-BF4B-00C04F79EFBC}") = "WPCommon.Controls", "..\..\WPCommon.Controls\WPCommon.Controls.csproj", "{B3F46867-22D6-4BE3-81FC-2D6F47E96310}"
EndProject
Global
	GlobalSection(TeamFoundationVersionControl) = preSolution
		SccNumberOfProjects = 4
		SccEnterpriseProvider = {4CA58AB2-18FA-4F8D-95D4-32DDF27D184C}
		SccTeamFoundationServer = https://tfs.codeplex.com/tfs/tfs10
		SccLocalPath0 = .
		SccProjectUniqueName1 = SheldonMix.csproj
		SccLocalPath1 = .
		SccProjectUniqueName2 = ..\\..\\WPCommon.Helpers\\WPCommon.Helpers.csproj
		SccProjectName2 = ../../WPCommon.Helpers
		SccLocalPath2 = ..\\..\\WPCommon.Helpers
		SccProjectUniqueName3 = ..\\..\\WPCommon.Controls\\WPCommon.Controls.csproj
		SccProjectName3 = ../../WPCommon.Controls
		SccLocalPath3 = ..\\..\\WPCommon.Controls
	EndGlobalSection
	GlobalSection(SolutionConfigurationPlatforms) = preSolution
		Debug|Any CPU = Debug|Any CPU
		Release|Any CPU = Release|Any CPU
	EndGlobalSection
	GlobalSection(ProjectConfigurationPlatforms) = postSolution
		{20160319-A919-4E88-8238-92B1816BF68E}.Debug|Any CPU.ActiveCfg = Debug|Any CPU
		{20160319-A919-4E88-8238-92B1816BF68E}.Debug|Any CPU.Build.0 = Debug|Any CPU
		{20160319-A919-4E88-8238-92B1816BF68E}.Debug|Any CPU.Deploy.0 = Debug|Any CPU
		{20160319-A919-4E88-8238-92B1816BF68E}.Release|Any CPU.ActiveCfg = Release|Any CPU
		{20160319-A919-4E88-8238-92B1816BF68E}.Release|Any CPU.Build.0 = Release|Any CPU
		{20160319-A919-4E88-8238-92B1816BF68E}.Release|Any CPU.Deploy.0 = Release|Any CPU
		{7CF377DB-129E-4C84-A23D-5758F01DC6F1}.Debug|Any CPU.ActiveCfg = Debug|Any CPU
		{7CF377DB-129E-4C84-A23D-5758F01DC6F1}.Debug|Any CPU.Build.0 = Debug|Any CPU
		{7CF377DB-129E-4C84-A23D-5758F01DC6F1}.Release|Any CPU.ActiveCfg = Release|Any CPU
		{7CF377DB-129E-4C84-A23D-5758F01DC6F1}.Release|Any CPU.Build.0 = Release|Any CPU
		{B3F46867-22D6-4BE3-81FC-2D6F47E96310}.Debug|Any CPU.ActiveCfg = Debug|Any CPU
		{B3F46867-22D6-4BE3-81FC-2D6F47E96310}.Debug|Any CPU.Build.0 = Debug|Any CPU
		{B3F46867-22D6-4BE3-81FC-2D6F47E96310}.Release|Any CPU.ActiveCfg = Release|Any CPU
		{B3F46867-22D6-4BE3-81FC-2D6F47E96310}.Release|Any CPU.Build.0 = Release|Any CPU
	EndGlobalSection
	GlobalSection(SolutionProperties) = preSolution
		HideSolutionNode = FALSE
	EndGlobalSection
EndGlobal
