
Microsoft Visual Studio Solution File, Format Version 11.00
# Visual Studio 2010
Project("{FAE04EC0-301F-11D3-BF4B-00C04F79EFBC}") = "Phil the Square 2", "FillTheSquare\Phil the Square 2.csproj", "{D867E2BB-CEEA-4CFA-B653-04231AF123C4}"
EndProject
Project("{FAE04EC0-301F-11D3-BF4B-00C04F79EFBC}") = "WPCommon", "..\WPCommon\WPCommon.csproj", "{22700591-5E34-4D4D-A01F-6B8C2153B270}"
EndProject
Global
	GlobalSection(TeamFoundationVersionControl) = preSolution
		SccNumberOfProjects = 3
		SccEnterpriseProvider = {4CA58AB2-18FA-4F8D-95D4-32DDF27D184C}
		SccTeamFoundationServer = https://tfs.codeplex.com/tfs/tfs10
		SccProjectUniqueName0 = ..\\WPCommon\\WPCommon.csproj
		SccProjectName0 = ../WPCommon
		SccLocalPath0 = ..\\WPCommon
		SccLocalPath1 = .
		SccProjectUniqueName2 = FillTheSquare\\Phil\u0020the\u0020Square\u00202.csproj
		SccProjectName2 = FillTheSquare
		SccLocalPath2 = FillTheSquare
	EndGlobalSection
	GlobalSection(SolutionConfigurationPlatforms) = preSolution
		Debug|Any CPU = Debug|Any CPU
		Release|Any CPU = Release|Any CPU
	EndGlobalSection
	GlobalSection(ProjectConfigurationPlatforms) = postSolution
		{D867E2BB-CEEA-4CFA-B653-04231AF123C4}.Debug|Any CPU.ActiveCfg = Debug|Any CPU
		{D867E2BB-CEEA-4CFA-B653-04231AF123C4}.Debug|Any CPU.Build.0 = Debug|Any CPU
		{D867E2BB-CEEA-4CFA-B653-04231AF123C4}.Debug|Any CPU.Deploy.0 = Debug|Any CPU
		{D867E2BB-CEEA-4CFA-B653-04231AF123C4}.Release|Any CPU.ActiveCfg = Release|Any CPU
		{D867E2BB-CEEA-4CFA-B653-04231AF123C4}.Release|Any CPU.Build.0 = Release|Any CPU
		{D867E2BB-CEEA-4CFA-B653-04231AF123C4}.Release|Any CPU.Deploy.0 = Release|Any CPU
		{22700591-5E34-4D4D-A01F-6B8C2153B270}.Debug|Any CPU.ActiveCfg = Debug|Any CPU
		{22700591-5E34-4D4D-A01F-6B8C2153B270}.Debug|Any CPU.Build.0 = Debug|Any CPU
		{22700591-5E34-4D4D-A01F-6B8C2153B270}.Release|Any CPU.ActiveCfg = Release|Any CPU
		{22700591-5E34-4D4D-A01F-6B8C2153B270}.Release|Any CPU.Build.0 = Release|Any CPU
	EndGlobalSection
	GlobalSection(SolutionProperties) = preSolution
		HideSolutionNode = FALSE
	EndGlobalSection
EndGlobal
