
Microsoft Visual Studio Solution File, Format Version 11.00
# Visual Studio 2010
Project("{FAE04EC0-301F-11D3-BF4B-00C04F79EFBC}") = "TrovaCAP", "TrovaCAP\TrovaCAP.csproj", "{D6C051C8-08B6-4F2B-AC5E-EDF3F1FB95F2}"
EndProject
Project("{FAE04EC0-301F-11D3-BF4B-00C04F79EFBC}") = "CustomACB", "CustomACB\CustomACB.csproj", "{FA97CD38-1BF1-4C49-8A0E-DD1BE7C8B655}"
EndProject
Project("{FAE04EC0-301F-11D3-BF4B-00C04F79EFBC}") = "WPCommon", "..\WPCommon\WPCommon.csproj", "{22700591-5E34-4D4D-A01F-6B8C2153B270}"
EndProject
Project("{FAE04EC0-301F-11D3-BF4B-00C04F79EFBC}") = "DB Util", "TrovaCapUtil\DB Util.csproj", "{15FC531C-B46D-45E4-849C-C26406AF60A8}"
EndProject
Project("{FAE04EC0-301F-11D3-BF4B-00C04F79EFBC}") = "WriteSerializedFile", "WriteSerializedFile\WriteSerializedFile.csproj", "{EAA2DA7D-D067-4495-B07D-0590674AE741}"
EndProject
Global
	GlobalSection(TeamFoundationVersionControl) = preSolution
		SccNumberOfProjects = 6
		SccEnterpriseProvider = {4CA58AB2-18FA-4F8D-95D4-32DDF27D184C}
		SccTeamFoundationServer = https://tfs.codeplex.com/tfs/tfs10
		SccLocalPath0 = .
		SccProjectUniqueName1 = TrovaCAP\\TrovaCAP.csproj
		SccProjectName1 = TrovaCAP
		SccLocalPath1 = TrovaCAP
		SccProjectUniqueName2 = CustomACB\\CustomACB.csproj
		SccProjectName2 = CustomACB
		SccLocalPath2 = CustomACB
		SccProjectUniqueName3 = ..\\WPCommon\\WPCommon.csproj
		SccProjectName3 = ../WPCommon
		SccLocalPath3 = ..\\WPCommon
		SccProjectUniqueName4 = TrovaCapUtil\\DB\u0020Util.csproj
		SccProjectName4 = TrovaCapUtil
		SccLocalPath4 = TrovaCapUtil
		SccProjectUniqueName5 = WriteSerializedFile\\WriteSerializedFile.csproj
		SccProjectName5 = WriteSerializedFile
		SccLocalPath5 = WriteSerializedFile
	EndGlobalSection
	GlobalSection(SolutionConfigurationPlatforms) = preSolution
		Debug|Any CPU = Debug|Any CPU
		Debug|Mixed Platforms = Debug|Mixed Platforms
		Debug|x86 = Debug|x86
		Release|Any CPU = Release|Any CPU
		Release|Mixed Platforms = Release|Mixed Platforms
		Release|x86 = Release|x86
	EndGlobalSection
	GlobalSection(ProjectConfigurationPlatforms) = postSolution
		{D6C051C8-08B6-4F2B-AC5E-EDF3F1FB95F2}.Debug|Any CPU.ActiveCfg = Debug|Any CPU
		{D6C051C8-08B6-4F2B-AC5E-EDF3F1FB95F2}.Debug|Any CPU.Build.0 = Debug|Any CPU
		{D6C051C8-08B6-4F2B-AC5E-EDF3F1FB95F2}.Debug|Any CPU.Deploy.0 = Debug|Any CPU
		{D6C051C8-08B6-4F2B-AC5E-EDF3F1FB95F2}.Debug|Mixed Platforms.ActiveCfg = Release|Any CPU
		{D6C051C8-08B6-4F2B-AC5E-EDF3F1FB95F2}.Debug|Mixed Platforms.Build.0 = Release|Any CPU
		{D6C051C8-08B6-4F2B-AC5E-EDF3F1FB95F2}.Debug|Mixed Platforms.Deploy.0 = Release|Any CPU
		{D6C051C8-08B6-4F2B-AC5E-EDF3F1FB95F2}.Debug|x86.ActiveCfg = Debug|Any CPU
		{D6C051C8-08B6-4F2B-AC5E-EDF3F1FB95F2}.Release|Any CPU.ActiveCfg = Release|Any CPU
		{D6C051C8-08B6-4F2B-AC5E-EDF3F1FB95F2}.Release|Any CPU.Build.0 = Release|Any CPU
		{D6C051C8-08B6-4F2B-AC5E-EDF3F1FB95F2}.Release|Any CPU.Deploy.0 = Release|Any CPU
		{D6C051C8-08B6-4F2B-AC5E-EDF3F1FB95F2}.Release|Mixed Platforms.ActiveCfg = Release|Any CPU
		{D6C051C8-08B6-4F2B-AC5E-EDF3F1FB95F2}.Release|Mixed Platforms.Build.0 = Release|Any CPU
		{D6C051C8-08B6-4F2B-AC5E-EDF3F1FB95F2}.Release|Mixed Platforms.Deploy.0 = Release|Any CPU
		{D6C051C8-08B6-4F2B-AC5E-EDF3F1FB95F2}.Release|x86.ActiveCfg = Release|Any CPU
		{FA97CD38-1BF1-4C49-8A0E-DD1BE7C8B655}.Debug|Any CPU.ActiveCfg = Debug|Any CPU
		{FA97CD38-1BF1-4C49-8A0E-DD1BE7C8B655}.Debug|Any CPU.Build.0 = Debug|Any CPU
		{FA97CD38-1BF1-4C49-8A0E-DD1BE7C8B655}.Debug|Mixed Platforms.ActiveCfg = Debug|Any CPU
		{FA97CD38-1BF1-4C49-8A0E-DD1BE7C8B655}.Debug|Mixed Platforms.Build.0 = Debug|Any CPU
		{FA97CD38-1BF1-4C49-8A0E-DD1BE7C8B655}.Debug|x86.ActiveCfg = Debug|Any CPU
		{FA97CD38-1BF1-4C49-8A0E-DD1BE7C8B655}.Release|Any CPU.ActiveCfg = Release|Any CPU
		{FA97CD38-1BF1-4C49-8A0E-DD1BE7C8B655}.Release|Any CPU.Build.0 = Release|Any CPU
		{FA97CD38-1BF1-4C49-8A0E-DD1BE7C8B655}.Release|Mixed Platforms.ActiveCfg = Release|Any CPU
		{FA97CD38-1BF1-4C49-8A0E-DD1BE7C8B655}.Release|Mixed Platforms.Build.0 = Release|Any CPU
		{FA97CD38-1BF1-4C49-8A0E-DD1BE7C8B655}.Release|x86.ActiveCfg = Release|Any CPU
		{22700591-5E34-4D4D-A01F-6B8C2153B270}.Debug|Any CPU.ActiveCfg = Debug|Any CPU
		{22700591-5E34-4D4D-A01F-6B8C2153B270}.Debug|Any CPU.Build.0 = Debug|Any CPU
		{22700591-5E34-4D4D-A01F-6B8C2153B270}.Debug|Mixed Platforms.ActiveCfg = Debug|Any CPU
		{22700591-5E34-4D4D-A01F-6B8C2153B270}.Debug|Mixed Platforms.Build.0 = Debug|Any CPU
		{22700591-5E34-4D4D-A01F-6B8C2153B270}.Debug|x86.ActiveCfg = Debug|Any CPU
		{22700591-5E34-4D4D-A01F-6B8C2153B270}.Release|Any CPU.ActiveCfg = Release|Any CPU
		{22700591-5E34-4D4D-A01F-6B8C2153B270}.Release|Any CPU.Build.0 = Release|Any CPU
		{22700591-5E34-4D4D-A01F-6B8C2153B270}.Release|Mixed Platforms.ActiveCfg = Release|Any CPU
		{22700591-5E34-4D4D-A01F-6B8C2153B270}.Release|Mixed Platforms.Build.0 = Release|Any CPU
		{22700591-5E34-4D4D-A01F-6B8C2153B270}.Release|x86.ActiveCfg = Release|Any CPU
		{15FC531C-B46D-45E4-849C-C26406AF60A8}.Debug|Any CPU.ActiveCfg = Debug|x86
		{15FC531C-B46D-45E4-849C-C26406AF60A8}.Debug|Mixed Platforms.ActiveCfg = Debug|x86
		{15FC531C-B46D-45E4-849C-C26406AF60A8}.Debug|Mixed Platforms.Build.0 = Debug|x86
		{15FC531C-B46D-45E4-849C-C26406AF60A8}.Debug|x86.ActiveCfg = Debug|x86
		{15FC531C-B46D-45E4-849C-C26406AF60A8}.Debug|x86.Build.0 = Debug|x86
		{15FC531C-B46D-45E4-849C-C26406AF60A8}.Release|Any CPU.ActiveCfg = Release|x86
		{15FC531C-B46D-45E4-849C-C26406AF60A8}.Release|Mixed Platforms.ActiveCfg = Release|x86
		{15FC531C-B46D-45E4-849C-C26406AF60A8}.Release|Mixed Platforms.Build.0 = Release|x86
		{15FC531C-B46D-45E4-849C-C26406AF60A8}.Release|x86.ActiveCfg = Release|x86
		{15FC531C-B46D-45E4-849C-C26406AF60A8}.Release|x86.Build.0 = Release|x86
		{EAA2DA7D-D067-4495-B07D-0590674AE741}.Debug|Any CPU.ActiveCfg = Debug|x86
		{EAA2DA7D-D067-4495-B07D-0590674AE741}.Debug|Mixed Platforms.ActiveCfg = Debug|x86
		{EAA2DA7D-D067-4495-B07D-0590674AE741}.Debug|Mixed Platforms.Build.0 = Debug|x86
		{EAA2DA7D-D067-4495-B07D-0590674AE741}.Debug|x86.ActiveCfg = Debug|x86
		{EAA2DA7D-D067-4495-B07D-0590674AE741}.Debug|x86.Build.0 = Debug|x86
		{EAA2DA7D-D067-4495-B07D-0590674AE741}.Release|Any CPU.ActiveCfg = Release|x86
		{EAA2DA7D-D067-4495-B07D-0590674AE741}.Release|Mixed Platforms.ActiveCfg = Release|x86
		{EAA2DA7D-D067-4495-B07D-0590674AE741}.Release|Mixed Platforms.Build.0 = Release|x86
		{EAA2DA7D-D067-4495-B07D-0590674AE741}.Release|x86.ActiveCfg = Release|x86
		{EAA2DA7D-D067-4495-B07D-0590674AE741}.Release|x86.Build.0 = Release|x86
	EndGlobalSection
	GlobalSection(SolutionProperties) = preSolution
		HideSolutionNode = FALSE
	EndGlobalSection
EndGlobal
