
Microsoft Visual Studio Solution File, Format Version 12.00
# Visual Studio 2012
Project("{FAE04EC0-301F-11D3-BF4B-00C04F79EFBC}") = "DeathTimerz", "Death Timerz.WP7\DeathTimerz.csproj", "{5A96B93C-7053-43CD-968F-6AE5F699662D}"
EndProject
Project("{FAE04EC0-301F-11D3-BF4B-00C04F79EFBC}") = "WPCommon.Controls", "..\WPCommon.Controls\WPCommon.Controls.csproj", "{B3F46867-22D6-4BE3-81FC-2D6F47E96310}"
EndProject
Project("{FAE04EC0-301F-11D3-BF4B-00C04F79EFBC}") = "UpdateHealthAdvicesTask", "UpdateHealthAdvicesTask\UpdateHealthAdvicesTask.csproj", "{DD2E68F8-530F-4765-8CB9-FA61159BA09D}"
EndProject
Project("{FAE04EC0-301F-11D3-BF4B-00C04F79EFBC}") = "HealthAdvices", "HealthAdvices\HealthAdvices.csproj", "{1C70ABB7-2253-42A9-9778-0B5F331E2F19}"
EndProject
Global
	GlobalSection(TeamFoundationVersionControl) = preSolution
		SccNumberOfProjects = 5
		SccEnterpriseProvider = {4CA58AB2-18FA-4F8D-95D4-32DDF27D184C}
		SccTeamFoundationServer = https://tfs.codeplex.com/tfs/tfs10
		SccProjectUniqueName0 = HealthAdvices\\HealthAdvices.csproj
		SccProjectName0 = HealthAdvices
		SccLocalPath0 = HealthAdvices
		SccProjectUniqueName1 = ..\\WPCommon.Controls\\WPCommon.Controls.csproj
		SccProjectName1 = ../WPCommon.Controls
		SccLocalPath1 = ..\\WPCommon.Controls
		SccLocalPath2 = .
		SccProjectUniqueName3 = Death\u0020Timerz.WP7\\DeathTimerz.csproj
		SccProjectName3 = Death\u0020Timerz.WP7
		SccLocalPath3 = Death\u0020Timerz.WP7
		SccProjectUniqueName4 = UpdateHealthAdvicesTask\\UpdateHealthAdvicesTask.csproj
		SccProjectName4 = UpdateHealthAdvicesTask
		SccLocalPath4 = UpdateHealthAdvicesTask
	EndGlobalSection
	GlobalSection(SolutionConfigurationPlatforms) = preSolution
		Debug|Any CPU = Debug|Any CPU
		Release|Any CPU = Release|Any CPU
	EndGlobalSection
	GlobalSection(ProjectConfigurationPlatforms) = postSolution
		{5A96B93C-7053-43CD-968F-6AE5F699662D}.Debug|Any CPU.ActiveCfg = Debug|Any CPU
		{5A96B93C-7053-43CD-968F-6AE5F699662D}.Debug|Any CPU.Build.0 = Debug|Any CPU
		{5A96B93C-7053-43CD-968F-6AE5F699662D}.Debug|Any CPU.Deploy.0 = Debug|Any CPU
		{5A96B93C-7053-43CD-968F-6AE5F699662D}.Release|Any CPU.ActiveCfg = Release|Any CPU
		{5A96B93C-7053-43CD-968F-6AE5F699662D}.Release|Any CPU.Build.0 = Release|Any CPU
		{5A96B93C-7053-43CD-968F-6AE5F699662D}.Release|Any CPU.Deploy.0 = Release|Any CPU
		{B3F46867-22D6-4BE3-81FC-2D6F47E96310}.Debug|Any CPU.ActiveCfg = Debug|Any CPU
		{B3F46867-22D6-4BE3-81FC-2D6F47E96310}.Debug|Any CPU.Build.0 = Debug|Any CPU
		{B3F46867-22D6-4BE3-81FC-2D6F47E96310}.Release|Any CPU.ActiveCfg = Release|Any CPU
		{B3F46867-22D6-4BE3-81FC-2D6F47E96310}.Release|Any CPU.Build.0 = Release|Any CPU
		{DD2E68F8-530F-4765-8CB9-FA61159BA09D}.Debug|Any CPU.ActiveCfg = Debug|Any CPU
		{DD2E68F8-530F-4765-8CB9-FA61159BA09D}.Debug|Any CPU.Build.0 = Debug|Any CPU
		{DD2E68F8-530F-4765-8CB9-FA61159BA09D}.Release|Any CPU.ActiveCfg = Release|Any CPU
		{DD2E68F8-530F-4765-8CB9-FA61159BA09D}.Release|Any CPU.Build.0 = Release|Any CPU
		{1C70ABB7-2253-42A9-9778-0B5F331E2F19}.Debug|Any CPU.ActiveCfg = Debug|Any CPU
		{1C70ABB7-2253-42A9-9778-0B5F331E2F19}.Debug|Any CPU.Build.0 = Debug|Any CPU
		{1C70ABB7-2253-42A9-9778-0B5F331E2F19}.Release|Any CPU.ActiveCfg = Release|Any CPU
		{1C70ABB7-2253-42A9-9778-0B5F331E2F19}.Release|Any CPU.Build.0 = Release|Any CPU
	EndGlobalSection
	GlobalSection(SolutionProperties) = preSolution
		HideSolutionNode = FALSE
	EndGlobalSection
EndGlobal
