
Microsoft Visual Studio Solution File, Format Version 11.00
# Visual Studio 2010
Project("{FAE04EC0-301F-11D3-BF4B-00C04F79EFBC}") = "Hai Smarrito", "Hai Smarrito.csproj", "{7BE62C1B-251C-4ABC-B5CF-6F5C7F290204}"
EndProject
Project("{FAE04EC0-301F-11D3-BF4B-00C04F79EFBC}") = "WPCommon.Controls", "..\WPCommon.Controls\WPCommon.Controls.csproj", "{B3F46867-22D6-4BE3-81FC-2D6F47E96310}"
EndProject
Project("{FAE04EC0-301F-11D3-BF4B-00C04F79EFBC}") = "WPCommon.Helpers.TrialManagement", "..\WPCommon.Helpers.TrialManagement\WPCommon.Helpers.TrialManagement.csproj", "{157C676B-46A4-4099-936E-BBDFB93BB735}"
EndProject
Global
	GlobalSection(TeamFoundationVersionControl) = preSolution
		SccNumberOfProjects = 4
		SccEnterpriseProvider = {4CA58AB2-18FA-4F8D-95D4-32DDF27D184C}
		SccTeamFoundationServer = https://tfs.codeplex.com/tfs/tfs10
		SccLocalPath0 = .
		SccProjectUniqueName1 = Hai\u0020Smarrito.csproj
		SccLocalPath1 = .
		SccProjectUniqueName2 = ..\\WPCommon.Controls\\WPCommon.Controls.csproj
		SccProjectName2 = ../WPCommon.Controls
		SccLocalPath2 = ..\\WPCommon.Controls
		SccProjectUniqueName3 = ..\\WPCommon.Helpers.TrialManagement\\WPCommon.Helpers.TrialManagement.csproj
		SccProjectName3 = ../WPCommon.Helpers.TrialManagement
		SccLocalPath3 = ..\\WPCommon.Helpers.TrialManagement
	EndGlobalSection
	GlobalSection(SolutionConfigurationPlatforms) = preSolution
		Debug|Any CPU = Debug|Any CPU
		Release|Any CPU = Release|Any CPU
	EndGlobalSection
	GlobalSection(ProjectConfigurationPlatforms) = postSolution
		{7BE62C1B-251C-4ABC-B5CF-6F5C7F290204}.Debug|Any CPU.ActiveCfg = Debug|Any CPU
		{7BE62C1B-251C-4ABC-B5CF-6F5C7F290204}.Debug|Any CPU.Build.0 = Debug|Any CPU
		{7BE62C1B-251C-4ABC-B5CF-6F5C7F290204}.Debug|Any CPU.Deploy.0 = Debug|Any CPU
		{7BE62C1B-251C-4ABC-B5CF-6F5C7F290204}.Release|Any CPU.ActiveCfg = Release|Any CPU
		{7BE62C1B-251C-4ABC-B5CF-6F5C7F290204}.Release|Any CPU.Build.0 = Release|Any CPU
		{7BE62C1B-251C-4ABC-B5CF-6F5C7F290204}.Release|Any CPU.Deploy.0 = Release|Any CPU
		{B3F46867-22D6-4BE3-81FC-2D6F47E96310}.Debug|Any CPU.ActiveCfg = Debug|Any CPU
		{B3F46867-22D6-4BE3-81FC-2D6F47E96310}.Debug|Any CPU.Build.0 = Debug|Any CPU
		{B3F46867-22D6-4BE3-81FC-2D6F47E96310}.Release|Any CPU.ActiveCfg = Release|Any CPU
		{B3F46867-22D6-4BE3-81FC-2D6F47E96310}.Release|Any CPU.Build.0 = Release|Any CPU
		{157C676B-46A4-4099-936E-BBDFB93BB735}.Debug|Any CPU.ActiveCfg = Debug|Any CPU
		{157C676B-46A4-4099-936E-BBDFB93BB735}.Debug|Any CPU.Build.0 = Debug|Any CPU
		{157C676B-46A4-4099-936E-BBDFB93BB735}.Release|Any CPU.ActiveCfg = Release|Any CPU
		{157C676B-46A4-4099-936E-BBDFB93BB735}.Release|Any CPU.Build.0 = Release|Any CPU
	EndGlobalSection
	GlobalSection(SolutionProperties) = preSolution
		HideSolutionNode = FALSE
	EndGlobalSection
EndGlobal
