
Microsoft Visual Studio Solution File, Format Version 11.00
# Visual Studio 2010
Project("{FAE04EC0-301F-11D3-BF4B-00C04F79EFBC}") = "Virus", "Virus\Virus\Virus.csproj", "{B4EC0289-9245-4C12-9EFF-87089BF00FF9}"
EndProject
Project("{96E2B04D-8817-42C6-938A-82C39BA4D311}") = "VirusContent", "Virus\VirusContent\VirusContent.contentproj", "{9778A463-3B75-4584-A94F-41B6BF2B4562}"
EndProject
Global
	GlobalSection(TeamFoundationVersionControl) = preSolution
		SccNumberOfProjects = 3
		SccEnterpriseProvider = {4CA58AB2-18FA-4F8D-95D4-32DDF27D184C}
		SccTeamFoundationServer = https://tfs.codeplex.com/tfs/tfs10
		SccLocalPath0 = .
		SccProjectUniqueName1 = Virus\\Virus\\Virus.csproj
		SccProjectName1 = Virus/Virus
		SccLocalPath1 = Virus\\Virus
		SccProjectUniqueName2 = Virus\\VirusContent\\VirusContent.contentproj
		SccProjectName2 = Virus/VirusContent
		SccLocalPath2 = Virus\\VirusContent
	EndGlobalSection
	GlobalSection(SolutionConfigurationPlatforms) = preSolution
		Debug|Windows Phone = Debug|Windows Phone
		Release|Windows Phone = Release|Windows Phone
	EndGlobalSection
	GlobalSection(ProjectConfigurationPlatforms) = postSolution
		{B4EC0289-9245-4C12-9EFF-87089BF00FF9}.Debug|Windows Phone.ActiveCfg = Debug|Windows Phone
		{B4EC0289-9245-4C12-9EFF-87089BF00FF9}.Debug|Windows Phone.Build.0 = Debug|Windows Phone
		{B4EC0289-9245-4C12-9EFF-87089BF00FF9}.Debug|Windows Phone.Deploy.0 = Debug|Windows Phone
		{B4EC0289-9245-4C12-9EFF-87089BF00FF9}.Release|Windows Phone.ActiveCfg = Release|Windows Phone
		{B4EC0289-9245-4C12-9EFF-87089BF00FF9}.Release|Windows Phone.Build.0 = Release|Windows Phone
		{B4EC0289-9245-4C12-9EFF-87089BF00FF9}.Release|Windows Phone.Deploy.0 = Release|Windows Phone
		{9778A463-3B75-4584-A94F-41B6BF2B4562}.Debug|Windows Phone.ActiveCfg = Debug|Windows Phone
		{9778A463-3B75-4584-A94F-41B6BF2B4562}.Release|Windows Phone.ActiveCfg = Release|Windows Phone
	EndGlobalSection
	GlobalSection(SolutionProperties) = preSolution
		HideSolutionNode = FALSE
	EndGlobalSection
EndGlobal
