
Microsoft Visual Studio Solution File, Format Version 11.00
# Visual Studio 2010
Project("{FAE04EC0-301F-11D3-BF4B-00C04F79EFBC}") = "KiwiVirus", "KiwiVirus\KiwiVirus\KiwiVirus.csproj", "{4432D1A8-B153-4170-93B9-2F9BD4541C11}"
EndProject
Project("{96E2B04D-8817-42C6-938A-82C39BA4D311}") = "KiwiVirusContent", "KiwiVirus\KiwiVirusContent\KiwiVirusContent.contentproj", "{0C601742-31A3-4013-A555-088F0741411B}"
EndProject
Global
	GlobalSection(TeamFoundationVersionControl) = preSolution
		SccNumberOfProjects = 3
		SccEnterpriseProvider = {4CA58AB2-18FA-4F8D-95D4-32DDF27D184C}
		SccTeamFoundationServer = https://tfs.codeplex.com/tfs/tfs10
		SccLocalPath0 = .
		SccProjectUniqueName1 = KiwiVirus\\KiwiVirus\\KiwiVirus.csproj
		SccProjectName1 = KiwiVirus/KiwiVirus
		SccLocalPath1 = KiwiVirus\\KiwiVirus
		SccProjectUniqueName2 = KiwiVirus\\KiwiVirusContent\\KiwiVirusContent.contentproj
		SccProjectName2 = KiwiVirus/KiwiVirusContent
		SccLocalPath2 = KiwiVirus\\KiwiVirusContent
	EndGlobalSection
	GlobalSection(SolutionConfigurationPlatforms) = preSolution
		Debug|Windows Phone = Debug|Windows Phone
		Release|Windows Phone = Release|Windows Phone
	EndGlobalSection
	GlobalSection(ProjectConfigurationPlatforms) = postSolution
		{4432D1A8-B153-4170-93B9-2F9BD4541C11}.Debug|Windows Phone.ActiveCfg = Debug|Windows Phone
		{4432D1A8-B153-4170-93B9-2F9BD4541C11}.Debug|Windows Phone.Build.0 = Debug|Windows Phone
		{4432D1A8-B153-4170-93B9-2F9BD4541C11}.Debug|Windows Phone.Deploy.0 = Debug|Windows Phone
		{4432D1A8-B153-4170-93B9-2F9BD4541C11}.Release|Windows Phone.ActiveCfg = Release|Windows Phone
		{4432D1A8-B153-4170-93B9-2F9BD4541C11}.Release|Windows Phone.Build.0 = Release|Windows Phone
		{4432D1A8-B153-4170-93B9-2F9BD4541C11}.Release|Windows Phone.Deploy.0 = Release|Windows Phone
		{0C601742-31A3-4013-A555-088F0741411B}.Debug|Windows Phone.ActiveCfg = Debug|Windows Phone
		{0C601742-31A3-4013-A555-088F0741411B}.Release|Windows Phone.ActiveCfg = Release|Windows Phone
	EndGlobalSection
	GlobalSection(SolutionProperties) = preSolution
		HideSolutionNode = FALSE
	EndGlobalSection
EndGlobal
