
Microsoft Visual Studio Solution File, Format Version 11.00
# Visual Studio 2010
Project("{FAE04EC0-301F-11D3-BF4B-00C04F79EFBC}") = "EsperimentiGrafici", "EsperimentiGrafici\EsperimentiGrafici\EsperimentiGrafici.csproj", "{4C04C319-C07D-4630-A22E-6E86FFB14041}"
EndProject
Project("{96E2B04D-8817-42C6-938A-82C39BA4D311}") = "EsperimentiGraficiContent", "EsperimentiGrafici\EsperimentiGraficiContent\EsperimentiGraficiContent.contentproj", "{84204E6C-9C7F-40BD-B570-A3D1B3D98ABC}"
EndProject
Global
	GlobalSection(TeamFoundationVersionControl) = preSolution
		SccNumberOfProjects = 3
		SccEnterpriseProvider = {4CA58AB2-18FA-4F8D-95D4-32DDF27D184C}
		SccTeamFoundationServer = https://tfs.codeplex.com/tfs/tfs10
		SccLocalPath0 = .
		SccProjectUniqueName1 = EsperimentiGrafici\\EsperimentiGrafici\\EsperimentiGrafici.csproj
		SccProjectName1 = EsperimentiGrafici/EsperimentiGrafici
		SccLocalPath1 = EsperimentiGrafici\\EsperimentiGrafici
		SccProjectUniqueName2 = EsperimentiGrafici\\EsperimentiGraficiContent\\EsperimentiGraficiContent.contentproj
		SccProjectName2 = EsperimentiGrafici/EsperimentiGraficiContent
		SccLocalPath2 = EsperimentiGrafici\\EsperimentiGraficiContent
	EndGlobalSection
	GlobalSection(SolutionConfigurationPlatforms) = preSolution
		Debug|Windows Phone = Debug|Windows Phone
		Release|Windows Phone = Release|Windows Phone
	EndGlobalSection
	GlobalSection(ProjectConfigurationPlatforms) = postSolution
		{4C04C319-C07D-4630-A22E-6E86FFB14041}.Debug|Windows Phone.ActiveCfg = Debug|Windows Phone
		{4C04C319-C07D-4630-A22E-6E86FFB14041}.Debug|Windows Phone.Build.0 = Debug|Windows Phone
		{4C04C319-C07D-4630-A22E-6E86FFB14041}.Debug|Windows Phone.Deploy.0 = Debug|Windows Phone
		{4C04C319-C07D-4630-A22E-6E86FFB14041}.Release|Windows Phone.ActiveCfg = Release|Windows Phone
		{4C04C319-C07D-4630-A22E-6E86FFB14041}.Release|Windows Phone.Build.0 = Release|Windows Phone
		{4C04C319-C07D-4630-A22E-6E86FFB14041}.Release|Windows Phone.Deploy.0 = Release|Windows Phone
		{84204E6C-9C7F-40BD-B570-A3D1B3D98ABC}.Debug|Windows Phone.ActiveCfg = Debug|Windows Phone
		{84204E6C-9C7F-40BD-B570-A3D1B3D98ABC}.Release|Windows Phone.ActiveCfg = Release|Windows Phone
	EndGlobalSection
	GlobalSection(SolutionProperties) = preSolution
		HideSolutionNode = FALSE
	EndGlobalSection
EndGlobal
