
Microsoft Visual Studio Solution File, Format Version 11.00
# Visual Studio 2010
Project("{FAE04EC0-301F-11D3-BF4B-00C04F79EFBC}") = "iCub", "iCub\iCub.csproj", "{A8CB58C8-6F0F-4AFC-86BA-FB0EEEBD228F}"
EndProject
Global
	GlobalSection(TeamFoundationVersionControl) = preSolution
		SccNumberOfProjects = 2
		SccEnterpriseProvider = {4CA58AB2-18FA-4F8D-95D4-32DDF27D184C}
		SccTeamFoundationServer = https://tfs.codeplex.com/tfs/tfs10
		SccLocalPath0 = .
		SccProjectUniqueName1 = iCub\\iCub.csproj
		SccProjectName1 = iCub
		SccLocalPath1 = iCub
	EndGlobalSection
	GlobalSection(SolutionConfigurationPlatforms) = preSolution
		Debug|Any CPU = Debug|Any CPU
		Release|Any CPU = Release|Any CPU
	EndGlobalSection
	GlobalSection(ProjectConfigurationPlatforms) = postSolution
		{A8CB58C8-6F0F-4AFC-86BA-FB0EEEBD228F}.Debug|Any CPU.ActiveCfg = Debug|Any CPU
		{A8CB58C8-6F0F-4AFC-86BA-FB0EEEBD228F}.Debug|Any CPU.Build.0 = Debug|Any CPU
		{A8CB58C8-6F0F-4AFC-86BA-FB0EEEBD228F}.Debug|Any CPU.Deploy.0 = Debug|Any CPU
		{A8CB58C8-6F0F-4AFC-86BA-FB0EEEBD228F}.Release|Any CPU.ActiveCfg = Release|Any CPU
		{A8CB58C8-6F0F-4AFC-86BA-FB0EEEBD228F}.Release|Any CPU.Build.0 = Release|Any CPU
		{A8CB58C8-6F0F-4AFC-86BA-FB0EEEBD228F}.Release|Any CPU.Deploy.0 = Release|Any CPU
	EndGlobalSection
	GlobalSection(SolutionProperties) = preSolution
		HideSolutionNode = FALSE
	EndGlobalSection
EndGlobal
